
Microsoft Visual Studio Solution File, Format Version 12.00
# Visual Studio 14
VisualStudioVersion = 14.0.25420.1
MinimumVisualStudioVersion = 10.0.40219.1
Project("{FAE04EC0-301F-11D3-BF4B-00C04F79EFBC}") = "DXGameTest", "Test\DXGameTest\DXGameTest.csproj", "{883B9882-DA61-4D25-8F11-2270E6C317AF}"
	ProjectSection(ProjectDependencies) = postProject
		{BE7E2670-E97A-456E-9279-25DCB3541D5D} = {BE7E2670-E97A-456E-9279-25DCB3541D5D}
		{670A47C4-18DF-4A35-A6E2-48C1AF010C0B} = {670A47C4-18DF-4A35-A6E2-48C1AF010C0B}
	EndProjectSection
EndProject
Project("{FAE04EC0-301F-11D3-BF4B-00C04F79EFBC}") = "MapEditor", "MapEditor\MapEditor\MapEditor.csproj", "{6F736527-ED58-4194-90E9-36AB94940AAE}"
EndProject
Project("{FAE04EC0-301F-11D3-BF4B-00C04F79EFBC}") = "MapEditorUI", "MapEditor\MapEditorUI\MapEditorUI.csproj", "{F6BE0738-25E8-45DA-B20D-739532A6EE24}"
EndProject
Project("{FAE04EC0-301F-11D3-BF4B-00C04F79EFBC}") = "DxCore", "DxCore\DxCore.csproj", "{BE7E2670-E97A-456E-9279-25DCB3541D5D}"
EndProject
Project("{FAE04EC0-301F-11D3-BF4B-00C04F79EFBC}") = "BabelLibrary", "Babel\BabelLibrary.csproj", "{670A47C4-18DF-4A35-A6E2-48C1AF010C0B}"
EndProject
Project("{FAE04EC0-301F-11D3-BF4B-00C04F79EFBC}") = "MapEditorLibrary", "MapEditor\MapEditorLibrary\MapEditorLibrary.csproj", "{4FF26EDC-930E-401B-BB5D-0B3C50B93169}"
	ProjectSection(ProjectDependencies) = postProject
		{F6BE0738-25E8-45DA-B20D-739532A6EE24} = {F6BE0738-25E8-45DA-B20D-739532A6EE24}
		{670A47C4-18DF-4A35-A6E2-48C1AF010C0B} = {670A47C4-18DF-4A35-A6E2-48C1AF010C0B}
	EndProjectSection
EndProject
Project("{FAE04EC0-301F-11D3-BF4B-00C04F79EFBC}") = "Pong", "Example\Pong\Pong.csproj", "{D84CDC32-7F8A-48CE-A3DF-347BF5DA7C40}"
EndProject
Project("{FAE04EC0-301F-11D3-BF4B-00C04F79EFBC}") = "DxGame", "DxGame\DxGame.csproj", "{4CF187F9-68BD-4C5C-AB85-28BA031DD149}"
	ProjectSection(ProjectDependencies) = postProject
		{8B1A439D-E018-4489-B83A-26B8B93B1ED9} = {8B1A439D-E018-4489-B83A-26B8B93B1ED9}
	EndProjectSection
EndProject
Project("{FAE04EC0-301F-11D3-BF4B-00C04F79EFBC}") = "BabelUI", "BabelUI\BabelUI.csproj", "{42AACDA0-0945-4134-B099-B81314758F4F}"
EndProject
Project("{FAE04EC0-301F-11D3-BF4B-00C04F79EFBC}") = "BabelUILibrary", "BabelUILibrary\BabelUILibrary.csproj", "{8B1A439D-E018-4489-B83A-26B8B93B1ED9}"
	ProjectSection(ProjectDependencies) = postProject
		{42AACDA0-0945-4134-B099-B81314758F4F} = {42AACDA0-0945-4134-B099-B81314758F4F}
		{670A47C4-18DF-4A35-A6E2-48C1AF010C0B} = {670A47C4-18DF-4A35-A6E2-48C1AF010C0B}
	EndProjectSection
EndProject
Global
	GlobalSection(SolutionConfigurationPlatforms) = preSolution
		Debug|Any CPU = Debug|Any CPU
		Debug|x64 = Debug|x64
		Debug|x86 = Debug|x86
		Release|Any CPU = Release|Any CPU
		Release|x64 = Release|x64
		Release|x86 = Release|x86
	EndGlobalSection
	GlobalSection(ProjectConfigurationPlatforms) = postSolution
		{883B9882-DA61-4D25-8F11-2270E6C317AF}.Debug|Any CPU.ActiveCfg = Debug|Any CPU
		{883B9882-DA61-4D25-8F11-2270E6C317AF}.Debug|x64.ActiveCfg = Debug|Any CPU
		{883B9882-DA61-4D25-8F11-2270E6C317AF}.Debug|x86.ActiveCfg = Debug|Any CPU
		{883B9882-DA61-4D25-8F11-2270E6C317AF}.Release|Any CPU.ActiveCfg = Release|Any CPU
		{883B9882-DA61-4D25-8F11-2270E6C317AF}.Release|x64.ActiveCfg = Release|Any CPU
		{883B9882-DA61-4D25-8F11-2270E6C317AF}.Release|x86.ActiveCfg = Release|Any CPU
		{6F736527-ED58-4194-90E9-36AB94940AAE}.Debug|Any CPU.ActiveCfg = Debug|Any CPU
		{6F736527-ED58-4194-90E9-36AB94940AAE}.Debug|x64.ActiveCfg = Debug|x86
		{6F736527-ED58-4194-90E9-36AB94940AAE}.Debug|x86.ActiveCfg = Debug|x86
		{6F736527-ED58-4194-90E9-36AB94940AAE}.Debug|x86.Build.0 = Debug|x86
		{6F736527-ED58-4194-90E9-36AB94940AAE}.Release|Any CPU.ActiveCfg = Release|Any CPU
		{6F736527-ED58-4194-90E9-36AB94940AAE}.Release|x64.ActiveCfg = Release|x86
		{6F736527-ED58-4194-90E9-36AB94940AAE}.Release|x86.ActiveCfg = Release|x86
		{6F736527-ED58-4194-90E9-36AB94940AAE}.Release|x86.Build.0 = Release|x86
		{F6BE0738-25E8-45DA-B20D-739532A6EE24}.Debug|Any CPU.ActiveCfg = Debug|Any CPU
		{F6BE0738-25E8-45DA-B20D-739532A6EE24}.Debug|Any CPU.Build.0 = Debug|Any CPU
		{F6BE0738-25E8-45DA-B20D-739532A6EE24}.Debug|x64.ActiveCfg = Debug|Any CPU
		{F6BE0738-25E8-45DA-B20D-739532A6EE24}.Debug|x64.Build.0 = Debug|Any CPU
		{F6BE0738-25E8-45DA-B20D-739532A6EE24}.Debug|x86.ActiveCfg = Debug|Any CPU
		{F6BE0738-25E8-45DA-B20D-739532A6EE24}.Debug|x86.Build.0 = Debug|Any CPU
		{F6BE0738-25E8-45DA-B20D-739532A6EE24}.Release|Any CPU.ActiveCfg = Release|Any CPU
		{F6BE0738-25E8-45DA-B20D-739532A6EE24}.Release|Any CPU.Build.0 = Release|Any CPU
		{F6BE0738-25E8-45DA-B20D-739532A6EE24}.Release|x64.ActiveCfg = Release|Any CPU
		{F6BE0738-25E8-45DA-B20D-739532A6EE24}.Release|x64.Build.0 = Release|Any CPU
		{F6BE0738-25E8-45DA-B20D-739532A6EE24}.Release|x86.ActiveCfg = Release|Any CPU
		{F6BE0738-25E8-45DA-B20D-739532A6EE24}.Release|x86.Build.0 = Release|Any CPU
		{BE7E2670-E97A-456E-9279-25DCB3541D5D}.Debug|Any CPU.ActiveCfg = Debug|Any CPU
		{BE7E2670-E97A-456E-9279-25DCB3541D5D}.Debug|Any CPU.Build.0 = Debug|Any CPU
		{BE7E2670-E97A-456E-9279-25DCB3541D5D}.Debug|x64.ActiveCfg = Debug|Any CPU
		{BE7E2670-E97A-456E-9279-25DCB3541D5D}.Debug|x64.Build.0 = Debug|Any CPU
		{BE7E2670-E97A-456E-9279-25DCB3541D5D}.Debug|x86.ActiveCfg = Debug|Any CPU
		{BE7E2670-E97A-456E-9279-25DCB3541D5D}.Debug|x86.Build.0 = Debug|Any CPU
		{BE7E2670-E97A-456E-9279-25DCB3541D5D}.Release|Any CPU.ActiveCfg = Release|Any CPU
		{BE7E2670-E97A-456E-9279-25DCB3541D5D}.Release|Any CPU.Build.0 = Release|Any CPU
		{BE7E2670-E97A-456E-9279-25DCB3541D5D}.Release|x64.ActiveCfg = Release|Any CPU
		{BE7E2670-E97A-456E-9279-25DCB3541D5D}.Release|x64.Build.0 = Release|Any CPU
		{BE7E2670-E97A-456E-9279-25DCB3541D5D}.Release|x86.ActiveCfg = Release|Any CPU
		{BE7E2670-E97A-456E-9279-25DCB3541D5D}.Release|x86.Build.0 = Release|Any CPU
		{670A47C4-18DF-4A35-A6E2-48C1AF010C0B}.Debug|Any CPU.ActiveCfg = Debug|Any CPU
		{670A47C4-18DF-4A35-A6E2-48C1AF010C0B}.Debug|Any CPU.Build.0 = Debug|Any CPU
		{670A47C4-18DF-4A35-A6E2-48C1AF010C0B}.Debug|x64.ActiveCfg = Debug|Any CPU
		{670A47C4-18DF-4A35-A6E2-48C1AF010C0B}.Debug|x64.Build.0 = Debug|Any CPU
		{670A47C4-18DF-4A35-A6E2-48C1AF010C0B}.Debug|x86.ActiveCfg = Debug|Any CPU
		{670A47C4-18DF-4A35-A6E2-48C1AF010C0B}.Debug|x86.Build.0 = Debug|Any CPU
		{670A47C4-18DF-4A35-A6E2-48C1AF010C0B}.Release|Any CPU.ActiveCfg = Release|Any CPU
		{670A47C4-18DF-4A35-A6E2-48C1AF010C0B}.Release|Any CPU.Build.0 = Release|Any CPU
		{670A47C4-18DF-4A35-A6E2-48C1AF010C0B}.Release|x64.ActiveCfg = Release|Any CPU
		{670A47C4-18DF-4A35-A6E2-48C1AF010C0B}.Release|x64.Build.0 = Release|Any CPU
		{670A47C4-18DF-4A35-A6E2-48C1AF010C0B}.Release|x86.ActiveCfg = Release|Any CPU
		{670A47C4-18DF-4A35-A6E2-48C1AF010C0B}.Release|x86.Build.0 = Release|Any CPU
		{4FF26EDC-930E-401B-BB5D-0B3C50B93169}.Debug|Any CPU.ActiveCfg = Debug|Any CPU
		{4FF26EDC-930E-401B-BB5D-0B3C50B93169}.Debug|Any CPU.Build.0 = Debug|Any CPU
		{4FF26EDC-930E-401B-BB5D-0B3C50B93169}.Debug|x64.ActiveCfg = Debug|Any CPU
		{4FF26EDC-930E-401B-BB5D-0B3C50B93169}.Debug|x64.Build.0 = Debug|Any CPU
		{4FF26EDC-930E-401B-BB5D-0B3C50B93169}.Debug|x86.ActiveCfg = Debug|Any CPU
		{4FF26EDC-930E-401B-BB5D-0B3C50B93169}.Debug|x86.Build.0 = Debug|Any CPU
		{4FF26EDC-930E-401B-BB5D-0B3C50B93169}.Release|Any CPU.ActiveCfg = Release|Any CPU
		{4FF26EDC-930E-401B-BB5D-0B3C50B93169}.Release|Any CPU.Build.0 = Release|Any CPU
		{4FF26EDC-930E-401B-BB5D-0B3C50B93169}.Release|x64.ActiveCfg = Release|Any CPU
		{4FF26EDC-930E-401B-BB5D-0B3C50B93169}.Release|x64.Build.0 = Release|Any CPU
		{4FF26EDC-930E-401B-BB5D-0B3C50B93169}.Release|x86.ActiveCfg = Release|Any CPU
		{4FF26EDC-930E-401B-BB5D-0B3C50B93169}.Release|x86.Build.0 = Release|Any CPU
		{D84CDC32-7F8A-48CE-A3DF-347BF5DA7C40}.Debug|Any CPU.ActiveCfg = Debug|Any CPU
		{D84CDC32-7F8A-48CE-A3DF-347BF5DA7C40}.Debug|x64.ActiveCfg = Debug|x86
		{D84CDC32-7F8A-48CE-A3DF-347BF5DA7C40}.Debug|x86.ActiveCfg = Debug|x86
		{D84CDC32-7F8A-48CE-A3DF-347BF5DA7C40}.Debug|x86.Build.0 = Debug|x86
		{D84CDC32-7F8A-48CE-A3DF-347BF5DA7C40}.Release|Any CPU.ActiveCfg = Release|Any CPU
		{D84CDC32-7F8A-48CE-A3DF-347BF5DA7C40}.Release|x64.ActiveCfg = Release|x86
		{D84CDC32-7F8A-48CE-A3DF-347BF5DA7C40}.Release|x86.ActiveCfg = Release|x86
		{D84CDC32-7F8A-48CE-A3DF-347BF5DA7C40}.Release|x86.Build.0 = Release|x86
		{4CF187F9-68BD-4C5C-AB85-28BA031DD149}.Debug|Any CPU.ActiveCfg = Debug|Any CPU
		{4CF187F9-68BD-4C5C-AB85-28BA031DD149}.Debug|x64.ActiveCfg = Debug|x86
		{4CF187F9-68BD-4C5C-AB85-28BA031DD149}.Debug|x86.ActiveCfg = Debug|x86
		{4CF187F9-68BD-4C5C-AB85-28BA031DD149}.Debug|x86.Build.0 = Debug|x86
		{4CF187F9-68BD-4C5C-AB85-28BA031DD149}.Release|Any CPU.ActiveCfg = Release|Any CPU
		{4CF187F9-68BD-4C5C-AB85-28BA031DD149}.Release|x64.ActiveCfg = Release|x86
		{4CF187F9-68BD-4C5C-AB85-28BA031DD149}.Release|x86.ActiveCfg = Release|x86
		{4CF187F9-68BD-4C5C-AB85-28BA031DD149}.Release|x86.Build.0 = Release|x86
		{42AACDA0-0945-4134-B099-B81314758F4F}.Debug|Any CPU.ActiveCfg = Debug|Any CPU
		{42AACDA0-0945-4134-B099-B81314758F4F}.Debug|Any CPU.Build.0 = Debug|Any CPU
		{42AACDA0-0945-4134-B099-B81314758F4F}.Debug|x64.ActiveCfg = Debug|Any CPU
		{42AACDA0-0945-4134-B099-B81314758F4F}.Debug|x64.Build.0 = Debug|Any CPU
		{42AACDA0-0945-4134-B099-B81314758F4F}.Debug|x86.ActiveCfg = Debug|Any CPU
		{42AACDA0-0945-4134-B099-B81314758F4F}.Debug|x86.Build.0 = Debug|Any CPU
		{42AACDA0-0945-4134-B099-B81314758F4F}.Release|Any CPU.ActiveCfg = Release|Any CPU
		{42AACDA0-0945-4134-B099-B81314758F4F}.Release|Any CPU.Build.0 = Release|Any CPU
		{42AACDA0-0945-4134-B099-B81314758F4F}.Release|x64.ActiveCfg = Release|Any CPU
		{42AACDA0-0945-4134-B099-B81314758F4F}.Release|x64.Build.0 = Release|Any CPU
		{42AACDA0-0945-4134-B099-B81314758F4F}.Release|x86.ActiveCfg = Release|Any CPU
		{42AACDA0-0945-4134-B099-B81314758F4F}.Release|x86.Build.0 = Release|Any CPU
		{8B1A439D-E018-4489-B83A-26B8B93B1ED9}.Debug|Any CPU.ActiveCfg = Debug|Any CPU
		{8B1A439D-E018-4489-B83A-26B8B93B1ED9}.Debug|Any CPU.Build.0 = Debug|Any CPU
		{8B1A439D-E018-4489-B83A-26B8B93B1ED9}.Debug|x64.ActiveCfg = Debug|Any CPU
		{8B1A439D-E018-4489-B83A-26B8B93B1ED9}.Debug|x64.Build.0 = Debug|Any CPU
		{8B1A439D-E018-4489-B83A-26B8B93B1ED9}.Debug|x86.ActiveCfg = Debug|Any CPU
		{8B1A439D-E018-4489-B83A-26B8B93B1ED9}.Debug|x86.Build.0 = Debug|Any CPU
		{8B1A439D-E018-4489-B83A-26B8B93B1ED9}.Release|Any CPU.ActiveCfg = Release|Any CPU
		{8B1A439D-E018-4489-B83A-26B8B93B1ED9}.Release|Any CPU.Build.0 = Release|Any CPU
		{8B1A439D-E018-4489-B83A-26B8B93B1ED9}.Release|x64.ActiveCfg = Release|Any CPU
		{8B1A439D-E018-4489-B83A-26B8B93B1ED9}.Release|x64.Build.0 = Release|Any CPU
		{8B1A439D-E018-4489-B83A-26B8B93B1ED9}.Release|x86.ActiveCfg = Release|Any CPU
		{8B1A439D-E018-4489-B83A-26B8B93B1ED9}.Release|x86.Build.0 = Release|Any CPU
	EndGlobalSection
	GlobalSection(SolutionProperties) = preSolution
		HideSolutionNode = FALSE
	EndGlobalSection
	GlobalSection(ExtensibilityGlobals) = postSolution
		EnterpriseLibraryConfigurationToolBinariesPathV6 = packages\EnterpriseLibrary.TransientFaultHandling.6.0.1304.0\lib\portable-net45+win+wp8;packages\EnterpriseLibrary.TransientFaultHandling.Data.6.0.1304.1\lib\NET45
	EndGlobalSection
EndGlobal
