
Microsoft Visual Studio Solution File, Format Version 12.00
# Visual Studio 14
VisualStudioVersion = 14.0.23107.0
MinimumVisualStudioVersion = 10.0.40219.1
Project("{FAE04EC0-301F-11D3-BF4B-00C04F79EFBC}") = "DXGame", "DXGame.csproj", "{9B58D322-95D0-4F4C-A742-DD643C7024FC}"
EndProject
Project("{FAE04EC0-301F-11D3-BF4B-00C04F79EFBC}") = "DXGameTest", "Test\DXGameTest\DXGameTest.csproj", "{883B9882-DA61-4D25-8F11-2270E6C317AF}"
EndProject
Project("{FAE04EC0-301F-11D3-BF4B-00C04F79EFBC}") = "DxGameUtils", "DxGameUtils\DxGameUtils.csproj", "{8652FA2F-CE84-4DCD-9F14-3E920A993885}"
EndProject
Project("{FAE04EC0-301F-11D3-BF4B-00C04F79EFBC}") = "MapEditor", "MapEditor\MapEditor.csproj", "{0E891734-9C74-48E7-80FC-63446F92B2C2}"
EndProject
Global
	GlobalSection(SolutionConfigurationPlatforms) = preSolution
		Debug|Any CPU = Debug|Any CPU
		Debug|x64 = Debug|x64
		Debug|x86 = Debug|x86
		Release|Any CPU = Release|Any CPU
		Release|x64 = Release|x64
		Release|x86 = Release|x86
	EndGlobalSection
	GlobalSection(ProjectConfigurationPlatforms) = postSolution
		{9B58D322-95D0-4F4C-A742-DD643C7024FC}.Debug|Any CPU.ActiveCfg = Debug|Any CPU
		{9B58D322-95D0-4F4C-A742-DD643C7024FC}.Debug|Any CPU.Build.0 = Debug|Any CPU
		{9B58D322-95D0-4F4C-A742-DD643C7024FC}.Debug|x64.ActiveCfg = Debug|x64
		{9B58D322-95D0-4F4C-A742-DD643C7024FC}.Debug|x64.Build.0 = Debug|x64
		{9B58D322-95D0-4F4C-A742-DD643C7024FC}.Debug|x86.ActiveCfg = Debug|x86
		{9B58D322-95D0-4F4C-A742-DD643C7024FC}.Debug|x86.Build.0 = Debug|x86
		{9B58D322-95D0-4F4C-A742-DD643C7024FC}.Release|Any CPU.ActiveCfg = Release|Any CPU
		{9B58D322-95D0-4F4C-A742-DD643C7024FC}.Release|Any CPU.Build.0 = Release|Any CPU
		{9B58D322-95D0-4F4C-A742-DD643C7024FC}.Release|x64.ActiveCfg = Release|x64
		{9B58D322-95D0-4F4C-A742-DD643C7024FC}.Release|x64.Build.0 = Release|x64
		{9B58D322-95D0-4F4C-A742-DD643C7024FC}.Release|x86.ActiveCfg = Release|x86
		{9B58D322-95D0-4F4C-A742-DD643C7024FC}.Release|x86.Build.0 = Release|x86
		{883B9882-DA61-4D25-8F11-2270E6C317AF}.Debug|Any CPU.ActiveCfg = Debug|Any CPU
		{883B9882-DA61-4D25-8F11-2270E6C317AF}.Debug|x64.ActiveCfg = Debug|Any CPU
		{883B9882-DA61-4D25-8F11-2270E6C317AF}.Debug|x86.ActiveCfg = Debug|Any CPU
		{883B9882-DA61-4D25-8F11-2270E6C317AF}.Release|Any CPU.ActiveCfg = Release|Any CPU
		{883B9882-DA61-4D25-8F11-2270E6C317AF}.Release|x64.ActiveCfg = Release|Any CPU
		{883B9882-DA61-4D25-8F11-2270E6C317AF}.Release|x86.ActiveCfg = Release|Any CPU
		{8652FA2F-CE84-4DCD-9F14-3E920A993885}.Debug|Any CPU.ActiveCfg = Debug|Any CPU
		{8652FA2F-CE84-4DCD-9F14-3E920A993885}.Debug|Any CPU.Build.0 = Debug|Any CPU
		{8652FA2F-CE84-4DCD-9F14-3E920A993885}.Debug|x64.ActiveCfg = Debug|Any CPU
		{8652FA2F-CE84-4DCD-9F14-3E920A993885}.Debug|x64.Build.0 = Debug|Any CPU
		{8652FA2F-CE84-4DCD-9F14-3E920A993885}.Debug|x86.ActiveCfg = Debug|Any CPU
		{8652FA2F-CE84-4DCD-9F14-3E920A993885}.Debug|x86.Build.0 = Debug|Any CPU
		{8652FA2F-CE84-4DCD-9F14-3E920A993885}.Release|Any CPU.ActiveCfg = Release|Any CPU
		{8652FA2F-CE84-4DCD-9F14-3E920A993885}.Release|Any CPU.Build.0 = Release|Any CPU
		{8652FA2F-CE84-4DCD-9F14-3E920A993885}.Release|x64.ActiveCfg = Release|Any CPU
		{8652FA2F-CE84-4DCD-9F14-3E920A993885}.Release|x64.Build.0 = Release|Any CPU
		{8652FA2F-CE84-4DCD-9F14-3E920A993885}.Release|x86.ActiveCfg = Release|Any CPU
		{8652FA2F-CE84-4DCD-9F14-3E920A993885}.Release|x86.Build.0 = Release|Any CPU
		{0E891734-9C74-48E7-80FC-63446F92B2C2}.Debug|Any CPU.ActiveCfg = Debug|Any CPU
		{0E891734-9C74-48E7-80FC-63446F92B2C2}.Debug|Any CPU.Build.0 = Debug|Any CPU
		{0E891734-9C74-48E7-80FC-63446F92B2C2}.Debug|x64.ActiveCfg = Debug|Any CPU
		{0E891734-9C74-48E7-80FC-63446F92B2C2}.Debug|x64.Build.0 = Debug|Any CPU
		{0E891734-9C74-48E7-80FC-63446F92B2C2}.Debug|x86.ActiveCfg = Debug|Any CPU
		{0E891734-9C74-48E7-80FC-63446F92B2C2}.Debug|x86.Build.0 = Debug|Any CPU
		{0E891734-9C74-48E7-80FC-63446F92B2C2}.Release|Any CPU.ActiveCfg = Release|Any CPU
		{0E891734-9C74-48E7-80FC-63446F92B2C2}.Release|Any CPU.Build.0 = Release|Any CPU
		{0E891734-9C74-48E7-80FC-63446F92B2C2}.Release|x64.ActiveCfg = Release|Any CPU
		{0E891734-9C74-48E7-80FC-63446F92B2C2}.Release|x64.Build.0 = Release|Any CPU
		{0E891734-9C74-48E7-80FC-63446F92B2C2}.Release|x86.ActiveCfg = Release|Any CPU
		{0E891734-9C74-48E7-80FC-63446F92B2C2}.Release|x86.Build.0 = Release|Any CPU
	EndGlobalSection
	GlobalSection(SolutionProperties) = preSolution
		HideSolutionNode = FALSE
	EndGlobalSection
	GlobalSection(ExtensibilityGlobals) = postSolution
		EnterpriseLibraryConfigurationToolBinariesPathV6 = packages\EnterpriseLibrary.TransientFaultHandling.6.0.1304.0\lib\portable-net45+win+wp8;packages\EnterpriseLibrary.TransientFaultHandling.Data.6.0.1304.1\lib\NET45
	EndGlobalSection
EndGlobal
